
Microsoft Visual Studio Solution File, Format Version 12.00
# Visual Studio 15
VisualStudioVersion = 15.0.28010.2026
MinimumVisualStudioVersion = 10.0.40219.1
Project("{FAE04EC0-301F-11D3-BF4B-00C04F79EFBC}") = "TODTool", "TODTool\TODTool.csproj", "{D97BE251-48F1-46EF-A0B8-3D9AF97811E5}"
EndProject
Project("{FAE04EC0-301F-11D3-BF4B-00C04F79EFBC}") = "TODTool.Tests", "TODTool.Tests\TODTool.Tests.csproj", "{9150B4C2-9221-4B62-9FAC-CD5C31141A2D}"
EndProject
Global
	GlobalSection(SolutionConfigurationPlatforms) = preSolution
		Debug|Any CPU = Debug|Any CPU
		Release|Any CPU = Release|Any CPU
		Description = Topic On Demand Report Generation Automation Tool
	EndGlobalSection
	GlobalSection(ProjectConfigurationPlatforms) = postSolution
		{D97BE251-48F1-46EF-A0B8-3D9AF97811E5}.Debug|Any CPU.ActiveCfg = Debug|Any CPU
		{D97BE251-48F1-46EF-A0B8-3D9AF97811E5}.Debug|Any CPU.Build.0 = Debug|Any CPU
		{D97BE251-48F1-46EF-A0B8-3D9AF97811E5}.Release|Any CPU.ActiveCfg = Release|Any CPU
		{D97BE251-48F1-46EF-A0B8-3D9AF97811E5}.Release|Any CPU.Build.0 = Release|Any CPU
		{9150B4C2-9221-4B62-9FAC-CD5C31141A2D}.Debug|Any CPU.ActiveCfg = Debug|Any CPU
		{9150B4C2-9221-4B62-9FAC-CD5C31141A2D}.Debug|Any CPU.Build.0 = Debug|Any CPU
		{9150B4C2-9221-4B62-9FAC-CD5C31141A2D}.Release|Any CPU.ActiveCfg = Release|Any CPU
		{9150B4C2-9221-4B62-9FAC-CD5C31141A2D}.Release|Any CPU.Build.0 = Release|Any CPU
	EndGlobalSection
	GlobalSection(SolutionProperties) = preSolution
		HideSolutionNode = FALSE
	EndGlobalSection
	GlobalSection(ExtensibilityGlobals) = postSolution
		SolutionGuid = {A287745B-30B7-4B51-AD01-A7A7A4483F44}
	EndGlobalSection
EndGlobal
